
Microsoft Visual Studio Solution File, Format Version 12.00
# Visual Studio 14
VisualStudioVersion = 14.0.25123.0
MinimumVisualStudioVersion = 10.0.40219.1
Project("{FAE04EC0-301F-11D3-BF4B-00C04F79EFBC}") = "PrettyCats", "PrettyCats\PrettyCats.csproj", "{2A96F2C1-6AC3-4C26-A23A-FE8116C84447}"
EndProject
Project("{FAE04EC0-301F-11D3-BF4B-00C04F79EFBC}") = "PrettyCats.DAL", "PrettyCats.DAL\PrettyCats.DAL.csproj", "{E871F8F4-3556-4B81-8DD0-A2E9A686665B}"
EndProject
Project("{FAE04EC0-301F-11D3-BF4B-00C04F79EFBC}") = "PrettyCats.UI", "PrettyCats.UI\PrettyCats.UI.csproj", "{97FB2D25-893E-4D24-85C1-B8990F436934}"
EndProject
Global
	GlobalSection(SolutionConfigurationPlatforms) = preSolution
		Debug|Any CPU = Debug|Any CPU
		Release|Any CPU = Release|Any CPU
	EndGlobalSection
	GlobalSection(ProjectConfigurationPlatforms) = postSolution
		{2A96F2C1-6AC3-4C26-A23A-FE8116C84447}.Debug|Any CPU.ActiveCfg = Debug|Any CPU
		{2A96F2C1-6AC3-4C26-A23A-FE8116C84447}.Debug|Any CPU.Build.0 = Debug|Any CPU
		{2A96F2C1-6AC3-4C26-A23A-FE8116C84447}.Release|Any CPU.ActiveCfg = Release|Any CPU
		{2A96F2C1-6AC3-4C26-A23A-FE8116C84447}.Release|Any CPU.Build.0 = Release|Any CPU
		{E871F8F4-3556-4B81-8DD0-A2E9A686665B}.Debug|Any CPU.ActiveCfg = Debug|Any CPU
		{E871F8F4-3556-4B81-8DD0-A2E9A686665B}.Debug|Any CPU.Build.0 = Debug|Any CPU
		{E871F8F4-3556-4B81-8DD0-A2E9A686665B}.Release|Any CPU.ActiveCfg = Release|Any CPU
		{E871F8F4-3556-4B81-8DD0-A2E9A686665B}.Release|Any CPU.Build.0 = Release|Any CPU
		{97FB2D25-893E-4D24-85C1-B8990F436934}.Debug|Any CPU.ActiveCfg = Debug|Any CPU
		{97FB2D25-893E-4D24-85C1-B8990F436934}.Debug|Any CPU.Build.0 = Debug|Any CPU
		{97FB2D25-893E-4D24-85C1-B8990F436934}.Release|Any CPU.ActiveCfg = Release|Any CPU
		{97FB2D25-893E-4D24-85C1-B8990F436934}.Release|Any CPU.Build.0 = Release|Any CPU
	EndGlobalSection
	GlobalSection(SolutionProperties) = preSolution
		HideSolutionNode = FALSE
	EndGlobalSection
EndGlobal
